
Microsoft Visual Studio Solution File, Format Version 12.00
# Visual Studio 15
Project("{FAE04EC0-301F-11D3-BF4B-00C04F79EFBC}") = "UnityEngine.TestRunner", "UnityEngine.TestRunner.csproj", "{D4F422FF-422B-273B-67A1-D3AF5031F444}"
EndProject
Project("{FAE04EC0-301F-11D3-BF4B-00C04F79EFBC}") = "Unity.Mathematics", "Unity.Mathematics.csproj", "{774AEAE2-5F9A-BA00-B247-928FDDBAFE14}"
EndProject
Project("{FAE04EC0-301F-11D3-BF4B-00C04F79EFBC}") = "Unity.Timeline", "Unity.Timeline.csproj", "{0334FBB2-D332-BAC9-F9D9-C17D96CEC448}"
EndProject
Project("{FAE04EC0-301F-11D3-BF4B-00C04F79EFBC}") = "UnityEngine.UI", "UnityEngine.UI.csproj", "{2D79794F-85C7-5F50-8E82-2917B67BF597}"
EndProject
Project("{FAE04EC0-301F-11D3-BF4B-00C04F79EFBC}") = "Unity.TextMeshPro", "Unity.TextMeshPro.csproj", "{E43B3AC2-9678-1495-A9C8-138CA24B7727}"
EndProject
Project("{FAE04EC0-301F-11D3-BF4B-00C04F79EFBC}") = "Unity.2D.Animation.Runtime", "Unity.2D.Animation.Runtime.csproj", "{0DE0D10D-0995-1F1C-ACC4-8FC21080AFC8}"
EndProject
Project("{FAE04EC0-301F-11D3-BF4B-00C04F79EFBC}") = "Unity.2D.IK.Runtime", "Unity.2D.IK.Runtime.csproj", "{C78ADD59-B477-5762-AF1A-B346B3A12D0D}"
EndProject
Project("{FAE04EC0-301F-11D3-BF4B-00C04F79EFBC}") = "Unity.2D.SpriteShape.Runtime", "Unity.2D.SpriteShape.Runtime.csproj", "{5ADBEB95-E816-B8B2-49B3-0804B6C0CFAD}"
EndProject
Project("{FAE04EC0-301F-11D3-BF4B-00C04F79EFBC}") = "Assembly-CSharp", "Assembly-CSharp.csproj", "{E2969ED2-F2FC-FFD7-02CE-EFF681AE8E1E}"
EndProject
Project("{FAE04EC0-301F-11D3-BF4B-00C04F79EFBC}") = "Unity.2D.PixelPerfect", "Unity.2D.PixelPerfect.csproj", "{A7C390AC-FD53-9397-739D-099D8B3CFFCE}"
EndProject
Project("{FAE04EC0-301F-11D3-BF4B-00C04F79EFBC}") = "Unity.2D.Common.Runtime", "Unity.2D.Common.Runtime.csproj", "{007F3598-0CBB-6FBE-1D5E-B4455FA37C90}"
EndProject
Project("{FAE04EC0-301F-11D3-BF4B-00C04F79EFBC}") = "Unity.InternalAPIEngineBridge.001", "Unity.InternalAPIEngineBridge.001.csproj", "{96E613B4-4294-1B12-2C33-936AFFB13736}"
EndProject
Project("{FAE04EC0-301F-11D3-BF4B-00C04F79EFBC}") = "UnityEditor.TestRunner", "UnityEditor.TestRunner.csproj", "{2326FA25-6C42-7545-B0D6-966F6BDC2FA6}"
EndProject
Project("{FAE04EC0-301F-11D3-BF4B-00C04F79EFBC}") = "Unity.PlasticSCM.Editor", "Unity.PlasticSCM.Editor.csproj", "{6C6AD305-D4B6-0E3E-160A-C8FA4382F385}"
EndProject
Project("{FAE04EC0-301F-11D3-BF4B-00C04F79EFBC}") = "Unity.2D.Animation.Triangle.Editor", "Unity.2D.Animation.Triangle.Editor.csproj", "{23E91351-56CC-1EF7-9944-99D90C9C1BE0}"
EndProject
Project("{FAE04EC0-301F-11D3-BF4B-00C04F79EFBC}") = "UnityEditor.UI", "UnityEditor.UI.csproj", "{748AB95D-C117-4872-0ADC-F48FE20DB04E}"
EndProject
Project("{FAE04EC0-301F-11D3-BF4B-00C04F79EFBC}") = "Unity.Services.Core.Editor", "Unity.Services.Core.Editor.csproj", "{CE751EA5-ABC3-AA4F-3370-B8D5D90A8992}"
EndProject
Project("{FAE04EC0-301F-11D3-BF4B-00C04F79EFBC}") = "Unity.Timeline.Editor", "Unity.Timeline.Editor.csproj", "{9AE2C3D1-5A58-920C-BBA7-43E9574E992E}"
EndProject
Project("{FAE04EC0-301F-11D3-BF4B-00C04F79EFBC}") = "Unity.VisualStudio.Editor", "Unity.VisualStudio.Editor.csproj", "{73F33506-D014-D998-D26D-9907F2646165}"
EndProject
Project("{FAE04EC0-301F-11D3-BF4B-00C04F79EFBC}") = "Unity.2D.Psdimporter.Editor", "Unity.2D.Psdimporter.Editor.csproj", "{7ADC73D7-4225-1D35-4F00-29DC56E50B4E}"
EndProject
Project("{FAE04EC0-301F-11D3-BF4B-00C04F79EFBC}") = "Unity.2D.Animation.Editor", "Unity.2D.Animation.Editor.csproj", "{13FD5278-DA91-3921-A588-610648085714}"
EndProject
Project("{FAE04EC0-301F-11D3-BF4B-00C04F79EFBC}") = "Unity.TextMeshPro.Editor", "Unity.TextMeshPro.Editor.csproj", "{09905A1D-7D3E-4F3F-529F-8BA832A6E747}"
EndProject
Project("{FAE04EC0-301F-11D3-BF4B-00C04F79EFBC}") = "Unity.2D.SpriteShape.Editor", "Unity.2D.SpriteShape.Editor.csproj", "{A005B1DF-A2BF-CC97-8DD3-A6DF12C22760}"
EndProject
Project("{FAE04EC0-301F-11D3-BF4B-00C04F79EFBC}") = "Unity.CollabProxy.Editor", "Unity.CollabProxy.Editor.csproj", "{D38E1CCD-A644-AEDA-0E30-F8BC270C40E9}"
EndProject
Project("{FAE04EC0-301F-11D3-BF4B-00C04F79EFBC}") = "PsdPlugin", "PsdPlugin.csproj", "{248C3A09-8DED-F0E2-269B-925E3C555E2E}"
EndProject
Project("{FAE04EC0-301F-11D3-BF4B-00C04F79EFBC}") = "Unity.2D.Path.Editor", "Unity.2D.Path.Editor.csproj", "{6584D407-3995-4A8A-8626-A670A32AB2AB}"
EndProject
Project("{FAE04EC0-301F-11D3-BF4B-00C04F79EFBC}") = "Unity.Rider.Editor", "Unity.Rider.Editor.csproj", "{796FD818-E1FD-FF70-9EE6-17AD7BB9CD13}"
EndProject
Project("{FAE04EC0-301F-11D3-BF4B-00C04F79EFBC}") = "Unity.2D.IK.Editor", "Unity.2D.IK.Editor.csproj", "{D84CAEB7-2E2B-FA78-45BC-E4C4E1701BED}"
EndProject
Project("{FAE04EC0-301F-11D3-BF4B-00C04F79EFBC}") = "Unity.2D.Sprite.Editor", "Unity.2D.Sprite.Editor.csproj", "{0DA19277-BD96-838F-C828-E34717121992}"
EndProject
Project("{FAE04EC0-301F-11D3-BF4B-00C04F79EFBC}") = "Unity.2D.Tilemap.Editor", "Unity.2D.Tilemap.Editor.csproj", "{A98E6080-8246-C840-C5FB-CFADFD1D6CC0}"
EndProject
Project("{FAE04EC0-301F-11D3-BF4B-00C04F79EFBC}") = "Unity.2D.PixelPerfect.Editor", "Unity.2D.PixelPerfect.Editor.csproj", "{5013560E-A12C-3DC0-0DD2-729CDC2591B0}"
EndProject
Project("{FAE04EC0-301F-11D3-BF4B-00C04F79EFBC}") = "Unity.VSCode.Editor", "Unity.VSCode.Editor.csproj", "{6AABB979-80D4-1C57-DC47-9C9AEA3E14E1}"
EndProject
Project("{FAE04EC0-301F-11D3-BF4B-00C04F79EFBC}") = "Unity.2D.Common.Editor", "Unity.2D.Common.Editor.csproj", "{A53EDDC3-29AA-14A8-93B2-548930051F7D}"
EndProject
Project("{FAE04EC0-301F-11D3-BF4B-00C04F79EFBC}") = "Unity.Mathematics.Editor", "Unity.Mathematics.Editor.csproj", "{99D69965-1A3E-D331-44AA-2AE95D03C39A}"
EndProject
Project("{FAE04EC0-301F-11D3-BF4B-00C04F79EFBC}") = "Unity.InternalAPIEditorBridge.001", "Unity.InternalAPIEditorBridge.001.csproj", "{C23FE895-A46E-DB76-3E0B-7ABECC058F0B}"
EndProject
Project("{FAE04EC0-301F-11D3-BF4B-00C04F79EFBC}") = "UnityEngine.TestRunner", "UnityEngine.TestRunner.Player.csproj", "{91C05BB8-0B95-D743-7F62-1748FEEB5D3C}"
EndProject
Project("{FAE04EC0-301F-11D3-BF4B-00C04F79EFBC}") = "Unity.Mathematics", "Unity.Mathematics.Player.csproj", "{E4166153-646D-1945-330B-7D18FA3DF8F5}"
EndProject
Project("{FAE04EC0-301F-11D3-BF4B-00C04F79EFBC}") = "Unity.Timeline", "Unity.Timeline.Player.csproj", "{3C830802-79B3-D6C6-178E-82C1A8C0A5A2}"
EndProject
Project("{FAE04EC0-301F-11D3-BF4B-00C04F79EFBC}") = "UnityEngine.UI", "UnityEngine.UI.Player.csproj", "{1FB99C44-AA33-2B4C-8C79-6A216D5E75CF}"
EndProject
Project("{FAE04EC0-301F-11D3-BF4B-00C04F79EFBC}") = "Unity.TextMeshPro", "Unity.TextMeshPro.Player.csproj", "{9E95C164-C66C-8F7D-DEBF-4C49425FE4CD}"
EndProject
Project("{FAE04EC0-301F-11D3-BF4B-00C04F79EFBC}") = "Unity.2D.Animation.Runtime", "Unity.2D.Animation.Runtime.Player.csproj", "{6A0BFBE0-FD2B-38C3-D70B-3E5A67166B1D}"
EndProject
Project("{FAE04EC0-301F-11D3-BF4B-00C04F79EFBC}") = "Unity.2D.IK.Runtime", "Unity.2D.IK.Runtime.Player.csproj", "{38A28AFA-5D8C-F8A1-B599-3F2B6E5FD470}"
EndProject
Project("{FAE04EC0-301F-11D3-BF4B-00C04F79EFBC}") = "Unity.2D.SpriteShape.Runtime", "Unity.2D.SpriteShape.Runtime.Player.csproj", "{6F24BC96-173B-42AB-C4D2-AFA06E4021EF}"
EndProject
Project("{FAE04EC0-301F-11D3-BF4B-00C04F79EFBC}") = "Assembly-CSharp", "Assembly-CSharp.Player.csproj", "{C7DD5B1C-1112-CEB1-E9A9-3B9B3B916325}"
EndProject
Project("{FAE04EC0-301F-11D3-BF4B-00C04F79EFBC}") = "Unity.2D.PixelPerfect", "Unity.2D.PixelPerfect.Player.csproj", "{8B410EFC-3B74-9039-1FFE-A7A59CA8F4C9}"
EndProject
Project("{FAE04EC0-301F-11D3-BF4B-00C04F79EFBC}") = "Unity.2D.Common.Runtime", "Unity.2D.Common.Runtime.Player.csproj", "{C5D28AD3-8A76-AD9A-CC98-74A3E4C290D3}"
EndProject
Project("{FAE04EC0-301F-11D3-BF4B-00C04F79EFBC}") = "Unity.InternalAPIEngineBridge.001", "Unity.InternalAPIEngineBridge.001.Player.csproj", "{C7D6A034-EF14-B927-4A1A-4D8680CE0154}"
EndProject
Global
	GlobalSection(SolutionConfigurationPlatforms) = preSolution
		Debug|Any CPU = Debug|Any CPU
		Release|Any CPU = Release|Any CPU
	EndGlobalSection
	GlobalSection(ProjectConfigurationPlatforms) = postSolution
		{D4F422FF-422B-273B-67A1-D3AF5031F444}.Debug|Any CPU.ActiveCfg = Debug|Any CPU
		{D4F422FF-422B-273B-67A1-D3AF5031F444}.Debug|Any CPU.Build.0 = Debug|Any CPU
		{D4F422FF-422B-273B-67A1-D3AF5031F444}.Release|Any CPU.ActiveCfg = Release|Any CPU
		{D4F422FF-422B-273B-67A1-D3AF5031F444}.Release|Any CPU.Build.0 = Release|Any CPU
		{774AEAE2-5F9A-BA00-B247-928FDDBAFE14}.Debug|Any CPU.ActiveCfg = Debug|Any CPU
		{774AEAE2-5F9A-BA00-B247-928FDDBAFE14}.Debug|Any CPU.Build.0 = Debug|Any CPU
		{774AEAE2-5F9A-BA00-B247-928FDDBAFE14}.Release|Any CPU.ActiveCfg = Release|Any CPU
		{774AEAE2-5F9A-BA00-B247-928FDDBAFE14}.Release|Any CPU.Build.0 = Release|Any CPU
		{0334FBB2-D332-BAC9-F9D9-C17D96CEC448}.Debug|Any CPU.ActiveCfg = Debug|Any CPU
		{0334FBB2-D332-BAC9-F9D9-C17D96CEC448}.Debug|Any CPU.Build.0 = Debug|Any CPU
		{0334FBB2-D332-BAC9-F9D9-C17D96CEC448}.Release|Any CPU.ActiveCfg = Release|Any CPU
		{0334FBB2-D332-BAC9-F9D9-C17D96CEC448}.Release|Any CPU.Build.0 = Release|Any CPU
		{2D79794F-85C7-5F50-8E82-2917B67BF597}.Debug|Any CPU.ActiveCfg = Debug|Any CPU
		{2D79794F-85C7-5F50-8E82-2917B67BF597}.Debug|Any CPU.Build.0 = Debug|Any CPU
		{2D79794F-85C7-5F50-8E82-2917B67BF597}.Release|Any CPU.ActiveCfg = Release|Any CPU
		{2D79794F-85C7-5F50-8E82-2917B67BF597}.Release|Any CPU.Build.0 = Release|Any CPU
		{E43B3AC2-9678-1495-A9C8-138CA24B7727}.Debug|Any CPU.ActiveCfg = Debug|Any CPU
		{E43B3AC2-9678-1495-A9C8-138CA24B7727}.Debug|Any CPU.Build.0 = Debug|Any CPU
		{E43B3AC2-9678-1495-A9C8-138CA24B7727}.Release|Any CPU.ActiveCfg = Release|Any CPU
		{E43B3AC2-9678-1495-A9C8-138CA24B7727}.Release|Any CPU.Build.0 = Release|Any CPU
		{0DE0D10D-0995-1F1C-ACC4-8FC21080AFC8}.Debug|Any CPU.ActiveCfg = Debug|Any CPU
		{0DE0D10D-0995-1F1C-ACC4-8FC21080AFC8}.Debug|Any CPU.Build.0 = Debug|Any CPU
		{0DE0D10D-0995-1F1C-ACC4-8FC21080AFC8}.Release|Any CPU.ActiveCfg = Release|Any CPU
		{0DE0D10D-0995-1F1C-ACC4-8FC21080AFC8}.Release|Any CPU.Build.0 = Release|Any CPU
		{C78ADD59-B477-5762-AF1A-B346B3A12D0D}.Debug|Any CPU.ActiveCfg = Debug|Any CPU
		{C78ADD59-B477-5762-AF1A-B346B3A12D0D}.Debug|Any CPU.Build.0 = Debug|Any CPU
		{C78ADD59-B477-5762-AF1A-B346B3A12D0D}.Release|Any CPU.ActiveCfg = Release|Any CPU
		{C78ADD59-B477-5762-AF1A-B346B3A12D0D}.Release|Any CPU.Build.0 = Release|Any CPU
		{5ADBEB95-E816-B8B2-49B3-0804B6C0CFAD}.Debug|Any CPU.ActiveCfg = Debug|Any CPU
		{5ADBEB95-E816-B8B2-49B3-0804B6C0CFAD}.Debug|Any CPU.Build.0 = Debug|Any CPU
		{5ADBEB95-E816-B8B2-49B3-0804B6C0CFAD}.Release|Any CPU.ActiveCfg = Release|Any CPU
		{5ADBEB95-E816-B8B2-49B3-0804B6C0CFAD}.Release|Any CPU.Build.0 = Release|Any CPU
		{E2969ED2-F2FC-FFD7-02CE-EFF681AE8E1E}.Debug|Any CPU.ActiveCfg = Debug|Any CPU
		{E2969ED2-F2FC-FFD7-02CE-EFF681AE8E1E}.Debug|Any CPU.Build.0 = Debug|Any CPU
		{E2969ED2-F2FC-FFD7-02CE-EFF681AE8E1E}.Release|Any CPU.ActiveCfg = Release|Any CPU
		{E2969ED2-F2FC-FFD7-02CE-EFF681AE8E1E}.Release|Any CPU.Build.0 = Release|Any CPU
		{A7C390AC-FD53-9397-739D-099D8B3CFFCE}.Debug|Any CPU.ActiveCfg = Debug|Any CPU
		{A7C390AC-FD53-9397-739D-099D8B3CFFCE}.Debug|Any CPU.Build.0 = Debug|Any CPU
		{A7C390AC-FD53-9397-739D-099D8B3CFFCE}.Release|Any CPU.ActiveCfg = Release|Any CPU
		{A7C390AC-FD53-9397-739D-099D8B3CFFCE}.Release|Any CPU.Build.0 = Release|Any CPU
		{007F3598-0CBB-6FBE-1D5E-B4455FA37C90}.Debug|Any CPU.ActiveCfg = Debug|Any CPU
		{007F3598-0CBB-6FBE-1D5E-B4455FA37C90}.Debug|Any CPU.Build.0 = Debug|Any CPU
		{007F3598-0CBB-6FBE-1D5E-B4455FA37C90}.Release|Any CPU.ActiveCfg = Release|Any CPU
		{007F3598-0CBB-6FBE-1D5E-B4455FA37C90}.Release|Any CPU.Build.0 = Release|Any CPU
		{96E613B4-4294-1B12-2C33-936AFFB13736}.Debug|Any CPU.ActiveCfg = Debug|Any CPU
		{96E613B4-4294-1B12-2C33-936AFFB13736}.Debug|Any CPU.Build.0 = Debug|Any CPU
		{96E613B4-4294-1B12-2C33-936AFFB13736}.Release|Any CPU.ActiveCfg = Release|Any CPU
		{96E613B4-4294-1B12-2C33-936AFFB13736}.Release|Any CPU.Build.0 = Release|Any CPU
		{2326FA25-6C42-7545-B0D6-966F6BDC2FA6}.Debug|Any CPU.ActiveCfg = Debug|Any CPU
		{2326FA25-6C42-7545-B0D6-966F6BDC2FA6}.Debug|Any CPU.Build.0 = Debug|Any CPU
		{2326FA25-6C42-7545-B0D6-966F6BDC2FA6}.Release|Any CPU.ActiveCfg = Release|Any CPU
		{2326FA25-6C42-7545-B0D6-966F6BDC2FA6}.Release|Any CPU.Build.0 = Release|Any CPU
		{6C6AD305-D4B6-0E3E-160A-C8FA4382F385}.Debug|Any CPU.ActiveCfg = Debug|Any CPU
		{6C6AD305-D4B6-0E3E-160A-C8FA4382F385}.Debug|Any CPU.Build.0 = Debug|Any CPU
		{6C6AD305-D4B6-0E3E-160A-C8FA4382F385}.Release|Any CPU.ActiveCfg = Release|Any CPU
		{6C6AD305-D4B6-0E3E-160A-C8FA4382F385}.Release|Any CPU.Build.0 = Release|Any CPU
		{23E91351-56CC-1EF7-9944-99D90C9C1BE0}.Debug|Any CPU.ActiveCfg = Debug|Any CPU
		{23E91351-56CC-1EF7-9944-99D90C9C1BE0}.Debug|Any CPU.Build.0 = Debug|Any CPU
		{23E91351-56CC-1EF7-9944-99D90C9C1BE0}.Release|Any CPU.ActiveCfg = Release|Any CPU
		{23E91351-56CC-1EF7-9944-99D90C9C1BE0}.Release|Any CPU.Build.0 = Release|Any CPU
		{748AB95D-C117-4872-0ADC-F48FE20DB04E}.Debug|Any CPU.ActiveCfg = Debug|Any CPU
		{748AB95D-C117-4872-0ADC-F48FE20DB04E}.Debug|Any CPU.Build.0 = Debug|Any CPU
		{748AB95D-C117-4872-0ADC-F48FE20DB04E}.Release|Any CPU.ActiveCfg = Release|Any CPU
		{748AB95D-C117-4872-0ADC-F48FE20DB04E}.Release|Any CPU.Build.0 = Release|Any CPU
		{CE751EA5-ABC3-AA4F-3370-B8D5D90A8992}.Debug|Any CPU.ActiveCfg = Debug|Any CPU
		{CE751EA5-ABC3-AA4F-3370-B8D5D90A8992}.Debug|Any CPU.Build.0 = Debug|Any CPU
		{CE751EA5-ABC3-AA4F-3370-B8D5D90A8992}.Release|Any CPU.ActiveCfg = Release|Any CPU
		{CE751EA5-ABC3-AA4F-3370-B8D5D90A8992}.Release|Any CPU.Build.0 = Release|Any CPU
		{9AE2C3D1-5A58-920C-BBA7-43E9574E992E}.Debug|Any CPU.ActiveCfg = Debug|Any CPU
		{9AE2C3D1-5A58-920C-BBA7-43E9574E992E}.Debug|Any CPU.Build.0 = Debug|Any CPU
		{9AE2C3D1-5A58-920C-BBA7-43E9574E992E}.Release|Any CPU.ActiveCfg = Release|Any CPU
		{9AE2C3D1-5A58-920C-BBA7-43E9574E992E}.Release|Any CPU.Build.0 = Release|Any CPU
		{73F33506-D014-D998-D26D-9907F2646165}.Debug|Any CPU.ActiveCfg = Debug|Any CPU
		{73F33506-D014-D998-D26D-9907F2646165}.Debug|Any CPU.Build.0 = Debug|Any CPU
		{73F33506-D014-D998-D26D-9907F2646165}.Release|Any CPU.ActiveCfg = Release|Any CPU
		{73F33506-D014-D998-D26D-9907F2646165}.Release|Any CPU.Build.0 = Release|Any CPU
		{7ADC73D7-4225-1D35-4F00-29DC56E50B4E}.Debug|Any CPU.ActiveCfg = Debug|Any CPU
		{7ADC73D7-4225-1D35-4F00-29DC56E50B4E}.Debug|Any CPU.Build.0 = Debug|Any CPU
		{7ADC73D7-4225-1D35-4F00-29DC56E50B4E}.Release|Any CPU.ActiveCfg = Release|Any CPU
		{7ADC73D7-4225-1D35-4F00-29DC56E50B4E}.Release|Any CPU.Build.0 = Release|Any CPU
		{13FD5278-DA91-3921-A588-610648085714}.Debug|Any CPU.ActiveCfg = Debug|Any CPU
		{13FD5278-DA91-3921-A588-610648085714}.Debug|Any CPU.Build.0 = Debug|Any CPU
		{13FD5278-DA91-3921-A588-610648085714}.Release|Any CPU.ActiveCfg = Release|Any CPU
		{13FD5278-DA91-3921-A588-610648085714}.Release|Any CPU.Build.0 = Release|Any CPU
		{09905A1D-7D3E-4F3F-529F-8BA832A6E747}.Debug|Any CPU.ActiveCfg = Debug|Any CPU
		{09905A1D-7D3E-4F3F-529F-8BA832A6E747}.Debug|Any CPU.Build.0 = Debug|Any CPU
		{09905A1D-7D3E-4F3F-529F-8BA832A6E747}.Release|Any CPU.ActiveCfg = Release|Any CPU
		{09905A1D-7D3E-4F3F-529F-8BA832A6E747}.Release|Any CPU.Build.0 = Release|Any CPU
		{A005B1DF-A2BF-CC97-8DD3-A6DF12C22760}.Debug|Any CPU.ActiveCfg = Debug|Any CPU
		{A005B1DF-A2BF-CC97-8DD3-A6DF12C22760}.Debug|Any CPU.Build.0 = Debug|Any CPU
		{A005B1DF-A2BF-CC97-8DD3-A6DF12C22760}.Release|Any CPU.ActiveCfg = Release|Any CPU
		{A005B1DF-A2BF-CC97-8DD3-A6DF12C22760}.Release|Any CPU.Build.0 = Release|Any CPU
		{D38E1CCD-A644-AEDA-0E30-F8BC270C40E9}.Debug|Any CPU.ActiveCfg = Debug|Any CPU
		{D38E1CCD-A644-AEDA-0E30-F8BC270C40E9}.Debug|Any CPU.Build.0 = Debug|Any CPU
		{D38E1CCD-A644-AEDA-0E30-F8BC270C40E9}.Release|Any CPU.ActiveCfg = Release|Any CPU
		{D38E1CCD-A644-AEDA-0E30-F8BC270C40E9}.Release|Any CPU.Build.0 = Release|Any CPU
		{248C3A09-8DED-F0E2-269B-925E3C555E2E}.Debug|Any CPU.ActiveCfg = Debug|Any CPU
		{248C3A09-8DED-F0E2-269B-925E3C555E2E}.Debug|Any CPU.Build.0 = Debug|Any CPU
		{248C3A09-8DED-F0E2-269B-925E3C555E2E}.Release|Any CPU.ActiveCfg = Release|Any CPU
		{248C3A09-8DED-F0E2-269B-925E3C555E2E}.Release|Any CPU.Build.0 = Release|Any CPU
		{6584D407-3995-4A8A-8626-A670A32AB2AB}.Debug|Any CPU.ActiveCfg = Debug|Any CPU
		{6584D407-3995-4A8A-8626-A670A32AB2AB}.Debug|Any CPU.Build.0 = Debug|Any CPU
		{6584D407-3995-4A8A-8626-A670A32AB2AB}.Release|Any CPU.ActiveCfg = Release|Any CPU
		{6584D407-3995-4A8A-8626-A670A32AB2AB}.Release|Any CPU.Build.0 = Release|Any CPU
		{796FD818-E1FD-FF70-9EE6-17AD7BB9CD13}.Debug|Any CPU.ActiveCfg = Debug|Any CPU
		{796FD818-E1FD-FF70-9EE6-17AD7BB9CD13}.Debug|Any CPU.Build.0 = Debug|Any CPU
		{796FD818-E1FD-FF70-9EE6-17AD7BB9CD13}.Release|Any CPU.ActiveCfg = Release|Any CPU
		{796FD818-E1FD-FF70-9EE6-17AD7BB9CD13}.Release|Any CPU.Build.0 = Release|Any CPU
		{D84CAEB7-2E2B-FA78-45BC-E4C4E1701BED}.Debug|Any CPU.ActiveCfg = Debug|Any CPU
		{D84CAEB7-2E2B-FA78-45BC-E4C4E1701BED}.Debug|Any CPU.Build.0 = Debug|Any CPU
		{D84CAEB7-2E2B-FA78-45BC-E4C4E1701BED}.Release|Any CPU.ActiveCfg = Release|Any CPU
		{D84CAEB7-2E2B-FA78-45BC-E4C4E1701BED}.Release|Any CPU.Build.0 = Release|Any CPU
		{0DA19277-BD96-838F-C828-E34717121992}.Debug|Any CPU.ActiveCfg = Debug|Any CPU
		{0DA19277-BD96-838F-C828-E34717121992}.Debug|Any CPU.Build.0 = Debug|Any CPU
		{0DA19277-BD96-838F-C828-E34717121992}.Release|Any CPU.ActiveCfg = Release|Any CPU
		{0DA19277-BD96-838F-C828-E34717121992}.Release|Any CPU.Build.0 = Release|Any CPU
		{A98E6080-8246-C840-C5FB-CFADFD1D6CC0}.Debug|Any CPU.ActiveCfg = Debug|Any CPU
		{A98E6080-8246-C840-C5FB-CFADFD1D6CC0}.Debug|Any CPU.Build.0 = Debug|Any CPU
		{A98E6080-8246-C840-C5FB-CFADFD1D6CC0}.Release|Any CPU.ActiveCfg = Release|Any CPU
		{A98E6080-8246-C840-C5FB-CFADFD1D6CC0}.Release|Any CPU.Build.0 = Release|Any CPU
		{5013560E-A12C-3DC0-0DD2-729CDC2591B0}.Debug|Any CPU.ActiveCfg = Debug|Any CPU
		{5013560E-A12C-3DC0-0DD2-729CDC2591B0}.Debug|Any CPU.Build.0 = Debug|Any CPU
		{5013560E-A12C-3DC0-0DD2-729CDC2591B0}.Release|Any CPU.ActiveCfg = Release|Any CPU
		{5013560E-A12C-3DC0-0DD2-729CDC2591B0}.Release|Any CPU.Build.0 = Release|Any CPU
		{6AABB979-80D4-1C57-DC47-9C9AEA3E14E1}.Debug|Any CPU.ActiveCfg = Debug|Any CPU
		{6AABB979-80D4-1C57-DC47-9C9AEA3E14E1}.Debug|Any CPU.Build.0 = Debug|Any CPU
		{6AABB979-80D4-1C57-DC47-9C9AEA3E14E1}.Release|Any CPU.ActiveCfg = Release|Any CPU
		{6AABB979-80D4-1C57-DC47-9C9AEA3E14E1}.Release|Any CPU.Build.0 = Release|Any CPU
		{A53EDDC3-29AA-14A8-93B2-548930051F7D}.Debug|Any CPU.ActiveCfg = Debug|Any CPU
		{A53EDDC3-29AA-14A8-93B2-548930051F7D}.Debug|Any CPU.Build.0 = Debug|Any CPU
		{A53EDDC3-29AA-14A8-93B2-548930051F7D}.Release|Any CPU.ActiveCfg = Release|Any CPU
		{A53EDDC3-29AA-14A8-93B2-548930051F7D}.Release|Any CPU.Build.0 = Release|Any CPU
		{99D69965-1A3E-D331-44AA-2AE95D03C39A}.Debug|Any CPU.ActiveCfg = Debug|Any CPU
		{99D69965-1A3E-D331-44AA-2AE95D03C39A}.Debug|Any CPU.Build.0 = Debug|Any CPU
		{99D69965-1A3E-D331-44AA-2AE95D03C39A}.Release|Any CPU.ActiveCfg = Release|Any CPU
		{99D69965-1A3E-D331-44AA-2AE95D03C39A}.Release|Any CPU.Build.0 = Release|Any CPU
		{C23FE895-A46E-DB76-3E0B-7ABECC058F0B}.Debug|Any CPU.ActiveCfg = Debug|Any CPU
		{C23FE895-A46E-DB76-3E0B-7ABECC058F0B}.Debug|Any CPU.Build.0 = Debug|Any CPU
		{C23FE895-A46E-DB76-3E0B-7ABECC058F0B}.Release|Any CPU.ActiveCfg = Release|Any CPU
		{C23FE895-A46E-DB76-3E0B-7ABECC058F0B}.Release|Any CPU.Build.0 = Release|Any CPU
		{91C05BB8-0B95-D743-7F62-1748FEEB5D3C}.Debug|Any CPU.ActiveCfg = Debug|Any CPU
		{91C05BB8-0B95-D743-7F62-1748FEEB5D3C}.Debug|Any CPU.Build.0 = Debug|Any CPU
		{91C05BB8-0B95-D743-7F62-1748FEEB5D3C}.Release|Any CPU.ActiveCfg = Release|Any CPU
		{91C05BB8-0B95-D743-7F62-1748FEEB5D3C}.Release|Any CPU.Build.0 = Release|Any CPU
		{E4166153-646D-1945-330B-7D18FA3DF8F5}.Debug|Any CPU.ActiveCfg = Debug|Any CPU
		{E4166153-646D-1945-330B-7D18FA3DF8F5}.Debug|Any CPU.Build.0 = Debug|Any CPU
		{E4166153-646D-1945-330B-7D18FA3DF8F5}.Release|Any CPU.ActiveCfg = Release|Any CPU
		{E4166153-646D-1945-330B-7D18FA3DF8F5}.Release|Any CPU.Build.0 = Release|Any CPU
		{3C830802-79B3-D6C6-178E-82C1A8C0A5A2}.Debug|Any CPU.ActiveCfg = Debug|Any CPU
		{3C830802-79B3-D6C6-178E-82C1A8C0A5A2}.Debug|Any CPU.Build.0 = Debug|Any CPU
		{3C830802-79B3-D6C6-178E-82C1A8C0A5A2}.Release|Any CPU.ActiveCfg = Release|Any CPU
		{3C830802-79B3-D6C6-178E-82C1A8C0A5A2}.Release|Any CPU.Build.0 = Release|Any CPU
		{1FB99C44-AA33-2B4C-8C79-6A216D5E75CF}.Debug|Any CPU.ActiveCfg = Debug|Any CPU
		{1FB99C44-AA33-2B4C-8C79-6A216D5E75CF}.Debug|Any CPU.Build.0 = Debug|Any CPU
		{1FB99C44-AA33-2B4C-8C79-6A216D5E75CF}.Release|Any CPU.ActiveCfg = Release|Any CPU
		{1FB99C44-AA33-2B4C-8C79-6A216D5E75CF}.Release|Any CPU.Build.0 = Release|Any CPU
		{9E95C164-C66C-8F7D-DEBF-4C49425FE4CD}.Debug|Any CPU.ActiveCfg = Debug|Any CPU
		{9E95C164-C66C-8F7D-DEBF-4C49425FE4CD}.Debug|Any CPU.Build.0 = Debug|Any CPU
		{9E95C164-C66C-8F7D-DEBF-4C49425FE4CD}.Release|Any CPU.ActiveCfg = Release|Any CPU
		{9E95C164-C66C-8F7D-DEBF-4C49425FE4CD}.Release|Any CPU.Build.0 = Release|Any CPU
		{6A0BFBE0-FD2B-38C3-D70B-3E5A67166B1D}.Debug|Any CPU.ActiveCfg = Debug|Any CPU
		{6A0BFBE0-FD2B-38C3-D70B-3E5A67166B1D}.Debug|Any CPU.Build.0 = Debug|Any CPU
		{6A0BFBE0-FD2B-38C3-D70B-3E5A67166B1D}.Release|Any CPU.ActiveCfg = Release|Any CPU
		{6A0BFBE0-FD2B-38C3-D70B-3E5A67166B1D}.Release|Any CPU.Build.0 = Release|Any CPU
		{38A28AFA-5D8C-F8A1-B599-3F2B6E5FD470}.Debug|Any CPU.ActiveCfg = Debug|Any CPU
		{38A28AFA-5D8C-F8A1-B599-3F2B6E5FD470}.Debug|Any CPU.Build.0 = Debug|Any CPU
		{38A28AFA-5D8C-F8A1-B599-3F2B6E5FD470}.Release|Any CPU.ActiveCfg = Release|Any CPU
		{38A28AFA-5D8C-F8A1-B599-3F2B6E5FD470}.Release|Any CPU.Build.0 = Release|Any CPU
		{6F24BC96-173B-42AB-C4D2-AFA06E4021EF}.Debug|Any CPU.ActiveCfg = Debug|Any CPU
		{6F24BC96-173B-42AB-C4D2-AFA06E4021EF}.Debug|Any CPU.Build.0 = Debug|Any CPU
		{6F24BC96-173B-42AB-C4D2-AFA06E4021EF}.Release|Any CPU.ActiveCfg = Release|Any CPU
		{6F24BC96-173B-42AB-C4D2-AFA06E4021EF}.Release|Any CPU.Build.0 = Release|Any CPU
		{C7DD5B1C-1112-CEB1-E9A9-3B9B3B916325}.Debug|Any CPU.ActiveCfg = Debug|Any CPU
		{C7DD5B1C-1112-CEB1-E9A9-3B9B3B916325}.Debug|Any CPU.Build.0 = Debug|Any CPU
		{C7DD5B1C-1112-CEB1-E9A9-3B9B3B916325}.Release|Any CPU.ActiveCfg = Release|Any CPU
		{C7DD5B1C-1112-CEB1-E9A9-3B9B3B916325}.Release|Any CPU.Build.0 = Release|Any CPU
		{8B410EFC-3B74-9039-1FFE-A7A59CA8F4C9}.Debug|Any CPU.ActiveCfg = Debug|Any CPU
		{8B410EFC-3B74-9039-1FFE-A7A59CA8F4C9}.Debug|Any CPU.Build.0 = Debug|Any CPU
		{8B410EFC-3B74-9039-1FFE-A7A59CA8F4C9}.Release|Any CPU.ActiveCfg = Release|Any CPU
		{8B410EFC-3B74-9039-1FFE-A7A59CA8F4C9}.Release|Any CPU.Build.0 = Release|Any CPU
		{C5D28AD3-8A76-AD9A-CC98-74A3E4C290D3}.Debug|Any CPU.ActiveCfg = Debug|Any CPU
		{C5D28AD3-8A76-AD9A-CC98-74A3E4C290D3}.Debug|Any CPU.Build.0 = Debug|Any CPU
		{C5D28AD3-8A76-AD9A-CC98-74A3E4C290D3}.Release|Any CPU.ActiveCfg = Release|Any CPU
		{C5D28AD3-8A76-AD9A-CC98-74A3E4C290D3}.Release|Any CPU.Build.0 = Release|Any CPU
		{C7D6A034-EF14-B927-4A1A-4D8680CE0154}.Debug|Any CPU.ActiveCfg = Debug|Any CPU
		{C7D6A034-EF14-B927-4A1A-4D8680CE0154}.Debug|Any CPU.Build.0 = Debug|Any CPU
		{C7D6A034-EF14-B927-4A1A-4D8680CE0154}.Release|Any CPU.ActiveCfg = Release|Any CPU
		{C7D6A034-EF14-B927-4A1A-4D8680CE0154}.Release|Any CPU.Build.0 = Release|Any CPU
	EndGlobalSection
	GlobalSection(SolutionProperties) = preSolution
		HideSolutionNode = FALSE
	EndGlobalSection
EndGlobal
